
Microsoft Visual Studio Solution File, Format Version 12.00
# Visual Studio Version 17
VisualStudioVersion = 17.14.36127.28 d17.14
MinimumVisualStudioVersion = 10.0.40219.1
Project("{FAE04EC0-301F-11D3-BF4B-00C04F79EFBC}") = "DesktopApplication", "DesktopApplication\DesktopApplication.csproj", "{B1C070FD-1261-4F17-BFE6-190C63FF26BE}"
EndProject
Global
	GlobalSection(SolutionConfigurationPlatforms) = preSolution
		Debug|Any CPU = Debug|Any CPU
		Release|Any CPU = Release|Any CPU
	EndGlobalSection
	GlobalSection(ProjectConfigurationPlatforms) = postSolution
		{B1C070FD-1261-4F17-BFE6-190C63FF26BE}.Debug|Any CPU.ActiveCfg = Debug|Any CPU
		{B1C070FD-1261-4F17-BFE6-190C63FF26BE}.Debug|Any CPU.Build.0 = Debug|Any CPU
		{B1C070FD-1261-4F17-BFE6-190C63FF26BE}.Release|Any CPU.ActiveCfg = Release|Any CPU
		{B1C070FD-1261-4F17-BFE6-190C63FF26BE}.Release|Any CPU.Build.0 = Release|Any CPU
	EndGlobalSection
	GlobalSection(SolutionProperties) = preSolution
		HideSolutionNode = FALSE
	EndGlobalSection
	GlobalSection(ExtensibilityGlobals) = postSolution
		SolutionGuid = {BC018AF9-00B3-4677-8BB5-F138C69E57AE}
	EndGlobalSection
EndGlobal
